// !$*UTF8*$!
{
	archiveVersion = 1;
	classes = {
	};
	objectVersion = 56;
	objects = {

/* Begin PBXBuildFile section */
		6ABBC8A728DBCCAB00830A33 /* AppDelegate.swift in Sources */ = {isa = PBXBuildFile; fileRef = 6ABBC8A628DBCCAB00830A33 /* AppDelegate.swift */; };
		6ABBC8A928DBCCAB00830A33 /* SceneDelegate.swift in Sources */ = {isa = PBXBuildFile; fileRef = 6ABBC8A828DBCCAB00830A33 /* SceneDelegate.swift */; };
		6ABBC8AB28DBCCAB00830A33 /* ViewController.swift in Sources */ = {isa = PBXBuildFile; fileRef = 6ABBC8AA28DBCCAB00830A33 /* ViewController.swift */; };
		6ABBC8AE28DBCCAB00830A33 /* Main.storyboard in Resources */ = {isa = PBXBuildFile; fileRef = 6ABBC8AC28DBCCAB00830A33 /* Main.storyboard */; };
		6ABBC8B028DBCCAC00830A33 /* Assets.xcassets in Resources */ = {isa = PBXBuildFile; fileRef = 6ABBC8AF28DBCCAC00830A33 /* Assets.xcassets */; };
		6ABBC8B328DBCCAC00830A33 /* LaunchScreen.storyboard in Resources */ = {isa = PBXBuildFile; fileRef = 6ABBC8B128DBCCAC00830A33 /* LaunchScreen.storyboard */; };
		6ABBC8BE28DBCCAD00830A33 /* CalculatorAppTests.swift in Sources */ = {isa = PBXBuildFile; fileRef = 6ABBC8BD28DBCCAD00830A33 /* CalculatorAppTests.swift */; };
		6ABBC8C828DBCCAD00830A33 /* CalculatorAppUITests.swift in Sources */ = {isa = PBXBuildFile; fileRef = 6ABBC8C728DBCCAD00830A33 /* CalculatorAppUITests.swift */; };
		6ABBC8CA28DBCCAD00830A33 /* CalculatorAppUITestsLaunchTests.swift in Sources */ = {isa = PBXBuildFile; fileRef = 6ABBC8C928DBCCAD00830A33 /* CalculatorAppUITestsLaunchTests.swift */; };
/* End PBXBuildFile section */

/* Begin PBXContainerItemProxy section */
		6ABBC8BA28DBCCAD00830A33 /* PBXContainerItemProxy */ = {
			isa = PBXContainerItemProxy;
			containerPortal = 6ABBC89B28DBCCAB00830A33 /* Project object */;
			proxyType = 1;
			remoteGlobalIDString = 6ABBC8A228DBCCAB00830A33;
			remoteInfo = CalculatorApp;
		};
		6ABBC8C428DBCCAD00830A33 /* PBXContainerItemProxy */ = {
			isa = PBXContainerItemProxy;
			containerPortal = 6ABBC89B28DBCCAB00830A33 /* Project object */;
			proxyType = 1;
			remoteGlobalIDString = 6ABBC8A228DBCCAB00830A33;
			remoteInfo = CalculatorApp;
		};
/* End PBXContainerItemProxy section */

/* Begin PBXFileReference section */
		6ABBC8A328DBCCAB00830A33 /* CalculatorApp.app */ = {isa = PBXFileReference; explicitFileType = wrapper.application; includeInIndex = 0; path = CalculatorApp.app; sourceTree = BUILT_PRODUCTS_DIR; };
		6ABBC8A628DBCCAB00830A33 /* AppDelegate.swift */ = {isa = PBXFileReference; lastKnownFileType = sourcecode.swift; path = AppDelegate.swift; sourceTree = "<group>"; };
		6ABBC8A828DBCCAB00830A33 /* SceneDelegate.swift */ = {isa = PBXFileReference; lastKnownFileType = sourcecode.swift; path = SceneDelegate.swift; sourceTree = "<group>"; };
		6ABBC8AA28DBCCAB00830A33 /* ViewController.swift */ = {isa = PBXFileReference; lastKnownFileType = sourcecode.swift; path = ViewController.swift; sourceTree = "<group>"; };
		6ABBC8AD28DBCCAB00830A33 /* Base */ = {isa = PBXFileReference; lastKnownFileType = file.storyboard; name = Base; path = Base.lproj/Main.storyboard; sourceTree = "<group>"; };
		6ABBC8AF28DBCCAC00830A33 /* Assets.xcassets */ = {isa = PBXFileReference; lastKnownFileType = folder.assetcatalog; path = Assets.xcassets; sourceTree = "<group>"; };
		6ABBC8B228DBCCAC00830A33 /* Base */ = {isa = PBXFileReference; lastKnownFileType = file.storyboard; name = Base; path = Base.lproj/LaunchScreen.storyboard; sourceTree = "<group>"; };
		6ABBC8B428DBCCAC00830A33 /* Info.plist */ = {isa = PBXFileReference; lastKnownFileType = text.plist.xml; path = Info.plist; sourceTree = "<group>"; };
		6ABBC8B928DBCCAD00830A33 /* CalculatorAppTests.xctest */ = {isa = PBXFileReference; explicitFileType = wrapper.cfbundle; includeInIndex = 0; path = CalculatorAppTests.xctest; sourceTree = BUILT_PRODUCTS_DIR; };
		6ABBC8BD28DBCCAD00830A33 /* CalculatorAppTests.swift */ = {isa = PBXFileReference; lastKnownFileType = sourcecode.swift; path = CalculatorAppTests.swift; sourceTree = "<group>"; };
		6ABBC8C328DBCCAD00830A33 /* CalculatorAppUITests.xctest */ = {isa = PBXFileReference; explicitFileType = wrapper.cfbundle; includeInIndex = 0; path = CalculatorAppUITests.xctest; sourceTree = BUILT_PRODUCTS_DIR; };
		6ABBC8C728DBCCAD00830A33 /* CalculatorAppUITests.swift */ = {isa = PBXFileReference; lastKnownFileType = sourcecode.swift; path = CalculatorAppUITests.swift; sourceTree = "<group>"; };
		6ABBC8C928DBCCAD00830A33 /* CalculatorAppUITestsLaunchTests.swift */ = {isa = PBXFileReference; lastKnownFileType = sourcecode.swift; path = CalculatorAppUITestsLaunchTests.swift; sourceTree = "<group>"; };
/* End PBXFileReference section */

/* Begin PBXFrameworksBuildPhase section */
		6ABBC8A028DBCCAB00830A33 /* Frameworks */ = {
			isa = PBXFrameworksBuildPhase;
			buildActionMask = 2147483647;
			files = (
			);
			runOnlyForDeploymentPostprocessing = 0;
		};
		6ABBC8B628DBCCAD00830A33 /* Frameworks */ = {
			isa = PBXFrameworksBuildPhase;
			buildActionMask = 2147483647;
			files = (
			);
			runOnlyForDeploymentPostprocessing = 0;
		};
		6ABBC8C028DBCCAD00830A33 /* Frameworks */ = {
			isa = PBXFrameworksBuildPhase;
			buildActionMask = 2147483647;
			files = (
			);
			runOnlyForDeploymentPostprocessing = 0;
		};
/* End PBXFrameworksBuildPhase section */

/* Begin PBXGroup section */
		6ABBC89A28DBCCAB00830A33 = {
			isa = PBXGroup;
			children = (
				6ABBC8A528DBCCAB00830A33 /* CalculatorApp */,
				6ABBC8BC28DBCCAD00830A33 /* CalculatorAppTests */,
				6ABBC8C628DBCCAD00830A33 /* CalculatorAppUITests */,
				6ABBC8A428DBCCAB00830A33 /* Products */,
			);
			sourceTree = "<group>";
		};
		6ABBC8A428DBCCAB00830A33 /* Products */ = {
			isa = PBXGroup;
			children = (
				6ABBC8A328DBCCAB00830A33 /* CalculatorApp.app */,
				6ABBC8B928DBCCAD00830A33 /* CalculatorAppTests.xctest */,
				6ABBC8C328DBCCAD00830A33 /* CalculatorAppUITests.xctest */,
			);
			name = Products;
			sourceTree = "<group>";
		};
		6ABBC8A528DBCCAB00830A33 /* CalculatorApp */ = {
			isa = PBXGroup;
			children = (
				6ABBC8A628DBCCAB00830A33 /* AppDelegate.swift */,
				6ABBC8A828DBCCAB00830A33 /* SceneDelegate.swift */,
				6ABBC8AA28DBCCAB00830A33 /* ViewController.swift */,
				6ABBC8AC28DBCCAB00830A33 /* Main.storyboard */,
				6ABBC8AF28DBCCAC00830A33 /* Assets.xcassets */,
				6ABBC8B128DBCCAC00830A33 /* LaunchScreen.storyboard */,
				6ABBC8B428DBCCAC00830A33 /* Info.plist */,
			);
			path = CalculatorApp;
			sourceTree = "<group>";
		};
		6ABBC8BC28DBCCAD00830A33 /* CalculatorAppTests */ = {
			isa = PBXGroup;
			children = (
				6ABBC8BD28DBCCAD00830A33 /* CalculatorAppTests.swift */,
			);
			path = CalculatorAppTests;
			sourceTree = "<group>";
		};
		6ABBC8C628DBCCAD00830A33 /* CalculatorAppUITests */ = {
			isa = PBXGroup;
			children = (
				6ABBC8C728DBCCAD00830A33 /* CalculatorAppUITests.swift */,
				6ABBC8C928DBCCAD00830A33 /* CalculatorAppUITestsLaunchTests.swift */,
			);
			path = CalculatorAppUITests;
			sourceTree = "<group>";
		};
/* End PBXGroup section */

/* Begin PBXNativeTarget section */
		6ABBC8A228DBCCAB00830A33 /* CalculatorApp */ = {
			isa = PBXNativeTarget;
			buildConfigurationList = 6ABBC8CD28DBCCAD00830A33 /* Build configuration list for PBXNativeTarget "CalculatorApp" */;
			buildPhases = (
				6ABBC89F28DBCCAB00830A33 /* Sources */,
				6ABBC8A028DBCCAB00830A33 /* Frameworks */,
				6ABBC8A128DBCCAB00830A33 /* Resources */,
			);
			buildRules = (
			);
			dependencies = (
			);
			name = CalculatorApp;
			productName = CalculatorApp;
			productReference = 6ABBC8A328DBCCAB00830A33 /* CalculatorApp.app */;
			productType = "com.apple.product-type.application";
		};
		6ABBC8B828DBCCAD00830A33 /* CalculatorAppTests */ = {
			isa = PBXNativeTarget;
			buildConfigurationList = 6ABBC8D028DBCCAD00830A33 /* Build configuration list for PBXNativeTarget "CalculatorAppTests" */;
			buildPhases = (
				6ABBC8B528DBCCAD00830A33 /* Sources */,
				6ABBC8B628DBCCAD00830A33 /* Frameworks */,
				6ABBC8B728DBCCAD00830A33 /* Resources */,
			);
			buildRules = (
			);
			dependencies = (
				6ABBC8BB28DBCCAD00830A33 /* PBXTargetDependency */,
			);
			name = CalculatorAppTests;
			productName = CalculatorAppTests;
			productReference = 6ABBC8B928DBCCAD00830A33 /* CalculatorAppTests.xctest */;
			productType = "com.apple.product-type.bundle.unit-test";
		};
		6ABBC8C228DBCCAD00830A33 /* CalculatorAppUITests */ = {
			isa = PBXNativeTarget;
			buildConfigurationList = 6ABBC8D328DBCCAD00830A33 /* Build configuration list for PBXNativeTarget "CalculatorAppUITests" */;
			buildPhases = (
				6ABBC8BF28DBCCAD00830A33 /* Sources */,
				6ABBC8C028DBCCAD00830A33 /* Frameworks */,
				6ABBC8C128DBCCAD00830A33 /* Resources */,
			);
			buildRules = (
			);
			dependencies = (
				6ABBC8C528DBCCAD00830A33 /* PBXTargetDependency */,
			);
			name = CalculatorAppUITests;
			productName = CalculatorAppUITests;
			productReference = 6ABBC8C328DBCCAD00830A33 /* CalculatorAppUITests.xctest */;
			productType = "com.apple.product-type.bundle.ui-testing";
		};
/* End PBXNativeTarget section */

/* Begin PBXProject section */
		6ABBC89B28DBCCAB00830A33 /* Project object */ = {
			isa = PBXProject;
			attributes = {
				BuildIndependentTargetsInParallel = 1;
				LastSwiftUpdateCheck = 1400;
				LastUpgradeCheck = 1400;
				TargetAttributes = {
					6ABBC8A228DBCCAB00830A33 = {
						CreatedOnToolsVersion = 14.0;
					};
					6ABBC8B828DBCCAD00830A33 = {
						CreatedOnToolsVersion = 14.0;
						TestTargetID = 6ABBC8A228DBCCAB00830A33;
					};
					6ABBC8C228DBCCAD00830A33 = {
						CreatedOnToolsVersion = 14.0;
						TestTargetID = 6ABBC8A228DBCCAB00830A33;
					};
				};
			};
			buildConfigurationList = 6ABBC89E28DBCCAB00830A33 /* Build configuration list for PBXProject "CalculatorApp" */;
			compatibilityVersion = "Xcode 14.0";
			developmentRegion = en;
			hasScannedForEncodings = 0;
			knownRegions = (
				en,
				Base,
			);
			mainGroup = 6ABBC89A28DBCCAB00830A33;
			productRefGroup = 6ABBC8A428DBCCAB00830A33 /* Products */;
			projectDirPath = "";
			projectRoot = "";
			targets = (
				6ABBC8A228DBCCAB00830A33 /* CalculatorApp */,
				6ABBC8B828DBCCAD00830A33 /* CalculatorAppTests */,
				6ABBC8C228DBCCAD00830A33 /* CalculatorAppUITests */,
			);
		};
/* End PBXProject section */

/* Begin PBXResourcesBuildPhase section */
		6ABBC8A128DBCCAB00830A33 /* Resources */ = {
			isa = PBXResourcesBuildPhase;
			buildActionMask = 2147483647;
			files = (
				6ABBC8B328DBCCAC00830A33 /* LaunchScreen.storyboard in Resources */,
				6ABBC8B028DBCCAC00830A33 /* Assets.xcassets in Resources */,
				6ABBC8AE28DBCCAB00830A33 /* Main.storyboard in Resources */,
			);
			runOnlyForDeploymentPostprocessing = 0;
		};
		6ABBC8B728DBCCAD00830A33 /* Resources */ = {
			isa = PBXResourcesBuildPhase;
			buildActionMask = 2147483647;
			files = (
			);
			runOnlyForDeploymentPostprocessing = 0;
		};
		6ABBC8C128DBCCAD00830A33 /* Resources */ = {
			isa = PBXResourcesBuildPhase;
			buildActionMask = 2147483647;
			files = (
			);
			runOnlyForDeploymentPostprocessing = 0;
		};
/* End PBXResourcesBuildPhase section */

/* Begin PBXSourcesBuildPhase section */
		6ABBC89F28DBCCAB00830A33 /* Sources */ = {
			isa = PBXSourcesBuildPhase;
			buildActionMask = 2147483647;
			files = (
				6ABBC8AB28DBCCAB00830A33 /* ViewController.swift in Sources */,
				6ABBC8A728DBCCAB00830A33 /* AppDelegate.swift in Sources */,
				6ABBC8A928DBCCAB00830A33 /* SceneDelegate.swift in Sources */,
			);
			runOnlyForDeploymentPostprocessing = 0;
		};
		6ABBC8B528DBCCAD00830A33 /* Sources */ = {
			isa = PBXSourcesBuildPhase;
			buildActionMask = 2147483647;
			files = (
				6ABBC8BE28DBCCAD00830A33 /* CalculatorAppTests.swift in Sources */,
			);
			runOnlyForDeploymentPostprocessing = 0;
		};
		6ABBC8BF28DBCCAD00830A33 /* Sources */ = {
			isa = PBXSourcesBuildPhase;
			buildActionMask = 2147483647;
			files = (
				6ABBC8CA28DBCCAD00830A33 /* CalculatorAppUITestsLaunchTests.swift in Sources */,
				6ABBC8C828DBCCAD00830A33 /* CalculatorAppUITests.swift in Sources */,
			);
			runOnlyForDeploymentPostprocessing = 0;
		};
/* End PBXSourcesBuildPhase section */

/* Begin PBXTargetDependency section */
		6ABBC8BB28DBCCAD00830A33 /* PBXTargetDependency */ = {
			isa = PBXTargetDependency;
			target = 6ABBC8A228DBCCAB00830A33 /* CalculatorApp */;
			targetProxy = 6ABBC8BA28DBCCAD00830A33 /* PBXContainerItemProxy */;
		};
		6ABBC8C528DBCCAD00830A33 /* PBXTargetDependency */ = {
			isa = PBXTargetDependency;
			target = 6ABBC8A228DBCCAB00830A33 /* CalculatorApp */;
			targetProxy = 6ABBC8C428DBCCAD00830A33 /* PBXContainerItemProxy */;
		};
/* End PBXTargetDependency section */

/* Begin PBXVariantGroup section */
		6ABBC8AC28DBCCAB00830A33 /* Main.storyboard */ = {
			isa = PBXVariantGroup;
			children = (
				6ABBC8AD28DBCCAB00830A33 /* Base */,
			);
			name = Main.storyboard;
			sourceTree = "<group>";
		};
		6ABBC8B128DBCCAC00830A33 /* LaunchScreen.storyboard */ = {
			isa = PBXVariantGroup;
			children = (
				6ABBC8B228DBCCAC00830A33 /* Base */,
			);
			name = LaunchScreen.storyboard;
			sourceTree = "<group>";
		};
/* End PBXVariantGroup section */

/* Begin XCBuildConfiguration section */
		6ABBC8CB28DBCCAD00830A33 /* Debug */ = {
			isa = XCBuildConfiguration;
			buildSettings = {
				ALWAYS_SEARCH_USER_PATHS = NO;
				CLANG_ANALYZER_NONNULL = YES;
				CLANG_ANALYZER_NUMBER_OBJECT_CONVERSION = YES_AGGRESSIVE;
				CLANG_CXX_LANGUAGE_STANDARD = "gnu++20";
				CLANG_ENABLE_MODULES = YES;
				CLANG_ENABLE_OBJC_ARC = YES;
				CLANG_ENABLE_OBJC_WEAK = YES;
				CLANG_WARN_BLOCK_CAPTURE_AUTORELEASING = YES;
				CLANG_WARN_BOOL_CONVERSION = YES;
				CLANG_WARN_COMMA = YES;
				CLANG_WARN_CONSTANT_CONVERSION = YES;
				CLANG_WARN_DEPRECATED_OBJC_IMPLEMENTATIONS = YES;
				CLANG_WARN_DIRECT_OBJC_ISA_USAGE = YES_ERROR;
				CLANG_WARN_DOCUMENTATION_COMMENTS = YES;
				CLANG_WARN_EMPTY_BODY = YES;
				CLANG_WARN_ENUM_CONVERSION = YES;
				CLANG_WARN_INFINITE_RECURSION = YES;
				CLANG_WARN_INT_CONVERSION = YES;
				CLANG_WARN_NON_LITERAL_NULL_CONVERSION = YES;
				CLANG_WARN_OBJC_IMPLICIT_RETAIN_SELF = YES;
				CLANG_WARN_OBJC_LITERAL_CONVERSION = YES;
				CLANG_WARN_OBJC_ROOT_CLASS = YES_ERROR;
				CLANG_WARN_QUOTED_INCLUDE_IN_FRAMEWORK_HEADER = YES;
				CLANG_WARN_RANGE_LOOP_ANALYSIS = YES;
				CLANG_WARN_STRICT_PROTOTYPES = YES;
				CLANG_WARN_SUSPICIOUS_MOVE = YES;
				CLANG_WARN_UNGUARDED_AVAILABILITY = YES_AGGRESSIVE;
				CLANG_WARN_UNREACHABLE_CODE = YES;
				CLANG_WARN__DUPLICATE_METHOD_MATCH = YES;
				COPY_PHASE_STRIP = NO;
				DEBUG_INFORMATION_FORMAT = dwarf;
				ENABLE_STRICT_OBJC_MSGSEND = YES;
				ENABLE_TESTABILITY = YES;
				GCC_C_LANGUAGE_STANDARD = gnu11;
				GCC_DYNAMIC_NO_PIC = NO;
				GCC_NO_COMMON_BLOCKS = YES;
				GCC_OPTIMIZATION_LEVEL = 0;
				GCC_PREPROCESSOR_DEFINITIONS = (
					"DEBUG=1",
					"$(inherited)",
				);
				GCC_WARN_64_TO_32_BIT_CONVERSION = YES;
				GCC_WARN_ABOUT_RETURN_TYPE = YES_ERROR;
				GCC_WARN_UNDECLARED_SELECTOR = YES;
				GCC_WARN_UNINITIALIZED_AUTOS = YES_AGGRESSIVE;
				GCC_WARN_UNUSED_FUNCTION = YES;
				GCC_WARN_UNUSED_VARIABLE = YES;
				IPHONEOS_DEPLOYMENT_TARGET = 16.0;
				MTL_ENABLE_DEBUG_INFO = INCLUDE_SOURCE;
				MTL_FAST_MATH = YES;
				ONLY_ACTIVE_ARCH = YES;
				SDKROOT = iphoneos;
				SWIFT_ACTIVE_COMPILATION_CONDITIONS = DEBUG;
				SWIFT_OPTIMIZATION_LEVEL = "-Onone";
			};
			name = Debug;
		};
		6ABBC8CC28DBCCAD00830A33 /* Release */ = {
			isa = XCBuildConfiguration;
			buildSettings = {
				ALWAYS_SEARCH_USER_PATHS = NO;
				CLANG_ANALYZER_NONNULL = YES;
				CLANG_ANALYZER_NUMBER_OBJECT_CONVERSION = YES_AGGRESSIVE;
				CLANG_CXX_LANGUAGE_STANDARD = "gnu++20";
				CLANG_ENABLE_MODULES = YES;
				CLANG_ENABLE_OBJC_ARC = YES;
				CLANG_ENABLE_OBJC_WEAK = YES;
				CLANG_WARN_BLOCK_CAPTURE_AUTORELEASING = YES;
				CLANG_WARN_BOOL_CONVERSION = YES;
				CLANG_WARN_COMMA = YES;
				CLANG_WARN_CONSTANT_CONVERSION = YES;
				CLANG_WARN_DEPRECATED_OBJC_IMPLEMENTATIONS = YES;
				CLANG_WARN_DIRECT_OBJC_ISA_USAGE = YES_ERROR;
				CLANG_WARN_DOCUMENTATION_COMMENTS = YES;
				CLANG_WARN_EMPTY_BODY = YES;
				CLANG_WARN_ENUM_CONVERSION = YES;
				CLANG_WARN_INFINITE_RECURSION = YES;
				CLANG_WARN_INT_CONVERSION = YES;
				CLANG_WARN_NON_LITERAL_NULL_CONVERSION = YES;
				CLANG_WARN_OBJC_IMPLICIT_RETAIN_SELF = YES;
				CLANG_WARN_OBJC_LITERAL_CONVERSION = YES;
				CLANG_WARN_OBJC_ROOT_CLASS = YES_ERROR;
				CLANG_WARN_QUOTED_INCLUDE_IN_FRAMEWORK_HEADER = YES;
				CLANG_WARN_RANGE_LOOP_ANALYSIS = YES;
				CLANG_WARN_STRICT_PROTOTYPES = YES;
				CLANG_WARN_SUSPICIOUS_MOVE = YES;
				CLANG_WARN_UNGUARDED_AVAILABILITY = YES_AGGRESSIVE;
				CLANG_WARN_UNREACHABLE_CODE = YES;
				CLANG_WARN__DUPLICATE_METHOD_MATCH = YES;
				COPY_PHASE_STRIP = NO;
				DEBUG_INFORMATION_FORMAT = "dwarf-with-dsym";
				ENABLE_NS_ASSERTIONS = NO;
				ENABLE_STRICT_OBJC_MSGSEND = YES;
				GCC_C_LANGUAGE_STANDARD = gnu11;
				GCC_NO_COMMON_BLOCKS = YES;
				GCC_WARN_64_TO_32_BIT_CONVERSION = YES;
				GCC_WARN_ABOUT_RETURN_TYPE = YES_ERROR;
				GCC_WARN_UNDECLARED_SELECTOR = YES;
				GCC_WARN_UNINITIALIZED_AUTOS = YES_AGGRESSIVE;
				GCC_WARN_UNUSED_FUNCTION = YES;
				GCC_WARN_UNUSED_VARIABLE = YES;
				IPHONEOS_DEPLOYMENT_TARGET = 16.0;
				MTL_ENABLE_DEBUG_INFO = NO;
				MTL_FAST_MATH = YES;
				SDKROOT = iphoneos;
				SWIFT_COMPILATION_MODE = wholemodule;
				SWIFT_OPTIMIZATION_LEVEL = "-O";
				VALIDATE_PRODUCT = YES;
			};
			name = Release;
		};
		6ABBC8CE28DBCCAD00830A33 /* Debug */ = {
			isa = XCBuildConfiguration;
			buildSettings = {
				ASSETCATALOG_COMPILER_APPICON_NAME = AppIcon;
				ASSETCATALOG_COMPILER_GLOBAL_ACCENT_COLOR_NAME = AccentColor;
				CODE_SIGN_STYLE = Automatic;
				CURRENT_PROJECT_VERSION = 1;
				GENERATE_INFOPLIST_FILE = YES;
				INFOPLIST_FILE = CalculatorApp/Info.plist;
				INFOPLIST_KEY_UIApplicationSupportsIndirectInputEvents = YES;
				INFOPLIST_KEY_UILaunchStoryboardName = LaunchScreen;
				INFOPLIST_KEY_UIMainStoryboardFile = Main;
				INFOPLIST_KEY_UISupportedInterfaceOrientations_iPad = "UIInterfaceOrientationPortrait UIInterfaceOrientationPortraitUpsideDown UIInterfaceOrientationLandscapeLeft UIInterfaceOrientationLandscapeRight";
				INFOPLIST_KEY_UISupportedInterfaceOrientations_iPhone = "UIInterfaceOrientationPortrait UIInterfaceOrientationLandscapeLeft UIInterfaceOrientationLandscapeRight";
				LD_RUNPATH_SEARCH_PATHS = (
					"$(inherited)",
					"@executable_path/Frameworks",
				);
				MARKETING_VERSION = 1.0;
				PRODUCT_BUNDLE_IDENTIFIER = centcal.CalculatorApp;
				PRODUCT_NAME = "$(TARGET_NAME)";
				SWIFT_EMIT_LOC_STRINGS = YES;
				SWIFT_VERSION = 5.0;
				TARGETED_DEVICE_FAMILY = "1,2";
			};
			name = Debug;
		};
		6ABBC8CF28DBCCAD00830A33 /* Release */ = {
			isa = XCBuildConfiguration;
			buildSettings = {
				ASSETCATALOG_COMPILER_APPICON_NAME = AppIcon;
				ASSETCATALOG_COMPILER_GLOBAL_ACCENT_COLOR_NAME = AccentColor;
				CODE_SIGN_STYLE = Automatic;
				CURRENT_PROJECT_VERSION = 1;
				GENERATE_INFOPLIST_FILE = YES;
				INFOPLIST_FILE = CalculatorApp/Info.plist;
				INFOPLIST_KEY_UIApplicationSupportsIndirectInputEvents = YES;
				INFOPLIST_KEY_UILaunchStoryboardName = LaunchScreen;
				INFOPLIST_KEY_UIMainStoryboardFile = Main;
				INFOPLIST_KEY_UISupportedInterfaceOrientations_iPad = "UIInterfaceOrientationPortrait UIInterfaceOrientationPortraitUpsideDown UIInterfaceOrientationLandscapeLeft UIInterfaceOrientationLandscapeRight";
				INFOPLIST_KEY_UISupportedInterfaceOrientations_iPhone = "UIInterfaceOrientationPortrait UIInterfaceOrientationLandscapeLeft UIInterfaceOrientationLandscapeRight";
				LD_RUNPATH_SEARCH_PATHS = (
					"$(inherited)",
					"@executable_path/Frameworks",
				);
				MARKETING_VERSION = 1.0;
				PRODUCT_BUNDLE_IDENTIFIER = centcal.CalculatorApp;
				PRODUCT_NAME = "$(TARGET_NAME)";
				SWIFT_EMIT_LOC_STRINGS = YES;
				SWIFT_VERSION = 5.0;
				TARGETED_DEVICE_FAMILY = "1,2";
			};
			name = Release;
		};
		6ABBC8D128DBCCAD00830A33 /* Debug */ = {
			isa = XCBuildConfiguration;
			buildSettings = {
				ALWAYS_EMBED_SWIFT_STANDARD_LIBRARIES = YES;
				BUNDLE_LOADER = "$(TEST_HOST)";
				CODE_SIGN_STYLE = Automatic;
				CURRENT_PROJECT_VERSION = 1;
				GENERATE_INFOPLIST_FILE = YES;
				IPHONEOS_DEPLOYMENT_TARGET = 16.0;
				MARKETING_VERSION = 1.0;
				PRODUCT_BUNDLE_IDENTIFIER = centcal.CalculatorAppTests;
				PRODUCT_NAME = "$(TARGET_NAME)";
				SWIFT_EMIT_LOC_STRINGS = NO;
				SWIFT_VERSION = 5.0;
				TARGETED_DEVICE_FAMILY = "1,2";
				TEST_HOST = "$(BUILT_PRODUCTS_DIR)/CalculatorApp.app/$(BUNDLE_EXECUTABLE_FOLDER_PATH)/CalculatorApp";
			};
			name = Debug;
		};
		6ABBC8D228DBCCAD00830A33 /* Release */ = {
			isa = XCBuildConfiguration;
			buildSettings = {
				ALWAYS_EMBED_SWIFT_STANDARD_LIBRARIES = YES;
				BUNDLE_LOADER = "$(TEST_HOST)";
				CODE_SIGN_STYLE = Automatic;
				CURRENT_PROJECT_VERSION = 1;
				GENERATE_INFOPLIST_FILE = YES;
				IPHONEOS_DEPLOYMENT_TARGET = 16.0;
				MARKETING_VERSION = 1.0;
				PRODUCT_BUNDLE_IDENTIFIER = centcal.CalculatorAppTests;
				PRODUCT_NAME = "$(TARGET_NAME)";
				SWIFT_EMIT_LOC_STRINGS = NO;
				SWIFT_VERSION = 5.0;
				TARGETED_DEVICE_FAMILY = "1,2";
				TEST_HOST = "$(BUILT_PRODUCTS_DIR)/CalculatorApp.app/$(BUNDLE_EXECUTABLE_FOLDER_PATH)/CalculatorApp";
			};
			name = Release;
		};
		6ABBC8D428DBCCAD00830A33 /* Debug */ = {
			isa = XCBuildConfiguration;
			buildSettings = {
				ALWAYS_EMBED_SWIFT_STANDARD_LIBRARIES = YES;
				CODE_SIGN_STYLE = Automatic;
				CURRENT_PROJECT_VERSION = 1;
				GENERATE_INFOPLIST_FILE = YES;
				MARKETING_VERSION = 1.0;
				PRODUCT_BUNDLE_IDENTIFIER = centcal.CalculatorAppUITests;
				PRODUCT_NAME = "$(TARGET_NAME)";
				SWIFT_EMIT_LOC_STRINGS = NO;
				SWIFT_VERSION = 5.0;
				TARGETED_DEVICE_FAMILY = "1,2";
				TEST_TARGET_NAME = CalculatorApp;
			};
			name = Debug;
		};
		6ABBC8D528DBCCAD00830A33 /* Release */ = {
			isa = XCBuildConfiguration;
			buildSettings = {
				ALWAYS_EMBED_SWIFT_STANDARD_LIBRARIES = YES;
				CODE_SIGN_STYLE = Automatic;
				CURRENT_PROJECT_VERSION = 1;
				GENERATE_INFOPLIST_FILE = YES;
				MARKETING_VERSION = 1.0;
				PRODUCT_BUNDLE_IDENTIFIER = centcal.CalculatorAppUITests;
				PRODUCT_NAME = "$(TARGET_NAME)";
				SWIFT_EMIT_LOC_STRINGS = NO;
				SWIFT_VERSION = 5.0;
				TARGETED_DEVICE_FAMILY = "1,2";
				TEST_TARGET_NAME = CalculatorApp;
			};
			name = Release;
		};
/* End XCBuildConfiguration section */

/* Begin XCConfigurationList section */
		6ABBC89E28DBCCAB00830A33 /* Build configuration list for PBXProject "CalculatorApp" */ = {
			isa = XCConfigurationList;
			buildConfigurations = (
				6ABBC8CB28DBCCAD00830A33 /* Debug */,
				6ABBC8CC28DBCCAD00830A33 /* Release */,
			);
			defaultConfigurationIsVisible = 0;
			defaultConfigurationName = Release;
		};
		6ABBC8CD28DBCCAD00830A33 /* Build configuration list for PBXNativeTarget "CalculatorApp" */ = {
			isa = XCConfigurationList;
			buildConfigurations = (
				6ABBC8CE28DBCCAD00830A33 /* Debug */,
				6ABBC8CF28DBCCAD00830A33 /* Release */,
			);
			defaultConfigurationIsVisible = 0;
			defaultConfigurationName = Release;
		};
		6ABBC8D028DBCCAD00830A33 /* Build configuration list for PBXNativeTarget "CalculatorAppTests" */ = {
			isa = XCConfigurationList;
			buildConfigurations = (
				6ABBC8D128DBCCAD00830A33 /* Debug */,
				6ABBC8D228DBCCAD00830A33 /* Release */,
			);
			defaultConfigurationIsVisible = 0;
			defaultConfigurationName = Release;
		};
		6ABBC8D328DBCCAD00830A33 /* Build configuration list for PBXNativeTarget "CalculatorAppUITests" */ = {
			isa = XCConfigurationList;
			buildConfigurations = (
				6ABBC8D428DBCCAD00830A33 /* Debug */,
				6ABBC8D528DBCCAD00830A33 /* Release */,
			);
			defaultConfigurationIsVisible = 0;
			defaultConfigurationName = Release;
		};
/* End XCConfigurationList section */
	};
	rootObject = 6ABBC89B28DBCCAB00830A33 /* Project object */;
}
